
Microsoft Visual Studio Solution File, Format Version 12.00
# Visual Studio 15
VisualStudioVersion = 15.0.28010.2026
MinimumVisualStudioVersion = 10.0.40219.1
Project("{FAE04EC0-301F-11D3-BF4B-00C04F79EFBC}") = "ConsoleUsers", "ConsoleUsers\ConsoleUsers.csproj", "{FC8A5304-B0A3-42CA-B193-7ECF6C2E2F10}"
EndProject
Global
	GlobalSection(SolutionConfigurationPlatforms) = preSolution
		Debug|Any CPU = Debug|Any CPU
		Release|Any CPU = Release|Any CPU
	EndGlobalSection
	GlobalSection(ProjectConfigurationPlatforms) = postSolution
		{FC8A5304-B0A3-42CA-B193-7ECF6C2E2F10}.Debug|Any CPU.ActiveCfg = Debug|Any CPU
		{FC8A5304-B0A3-42CA-B193-7ECF6C2E2F10}.Debug|Any CPU.Build.0 = Debug|Any CPU
		{FC8A5304-B0A3-42CA-B193-7ECF6C2E2F10}.Release|Any CPU.ActiveCfg = Release|Any CPU
		{FC8A5304-B0A3-42CA-B193-7ECF6C2E2F10}.Release|Any CPU.Build.0 = Release|Any CPU
	EndGlobalSection
	GlobalSection(SolutionProperties) = preSolution
		HideSolutionNode = FALSE
	EndGlobalSection
	GlobalSection(ExtensibilityGlobals) = postSolution
		SolutionGuid = {987C3A49-1D6A-4E97-AEA3-5E2A4EC79008}
	EndGlobalSection
EndGlobal
